
Microsoft Visual Studio Solution File, Format Version 12.00
# Visual Studio Version 17
VisualStudioVersion = 17.8.34322.80
MinimumVisualStudioVersion = 10.0.40219.1
Project("{FAE04EC0-301F-11D3-BF4B-00C04F79EFBC}") = "Lab4", "Lab4\Lab4.csproj", "{281B84AD-42AD-480B-AC79-35E96ABB281C}"
EndProject
Global
	GlobalSection(SolutionConfigurationPlatforms) = preSolution
		Debug|Any CPU = Debug|Any CPU
		Release|Any CPU = Release|Any CPU
	EndGlobalSection
	GlobalSection(ProjectConfigurationPlatforms) = postSolution
		{281B84AD-42AD-480B-AC79-35E96ABB281C}.Debug|Any CPU.ActiveCfg = Debug|Any CPU
		{281B84AD-42AD-480B-AC79-35E96ABB281C}.Debug|Any CPU.Build.0 = Debug|Any CPU
		{281B84AD-42AD-480B-AC79-35E96ABB281C}.Release|Any CPU.ActiveCfg = Release|Any CPU
		{281B84AD-42AD-480B-AC79-35E96ABB281C}.Release|Any CPU.Build.0 = Release|Any CPU
	EndGlobalSection
	GlobalSection(SolutionProperties) = preSolution
		HideSolutionNode = FALSE
	EndGlobalSection
	GlobalSection(ExtensibilityGlobals) = postSolution
		SolutionGuid = {CAF36252-A28A-42BC-A389-EB8B9E39FE0B}
	EndGlobalSection
EndGlobal
